
Microsoft Visual Studio Solution File, Format Version 12.00
# Visual Studio Version 17
VisualStudioVersion = 17.11.35222.181
MinimumVisualStudioVersion = 10.0.40219.1
Project("{FAE04EC0-301F-11D3-BF4B-00C04F79EFBC}") = "ObjectOrientedPractics", "ObjectOrientedPractics.csproj", "{29200F31-0E55-4CE1-85AE-86A80D4F6DB4}"
EndProject
Global
	GlobalSection(SolutionConfigurationPlatforms) = preSolution
		Debug|Any CPU = Debug|Any CPU
		Release|Any CPU = Release|Any CPU
	EndGlobalSection
	GlobalSection(ProjectConfigurationPlatforms) = postSolution
		{29200F31-0E55-4CE1-85AE-86A80D4F6DB4}.Debug|Any CPU.ActiveCfg = Debug|Any CPU
		{29200F31-0E55-4CE1-85AE-86A80D4F6DB4}.Debug|Any CPU.Build.0 = Debug|Any CPU
		{29200F31-0E55-4CE1-85AE-86A80D4F6DB4}.Release|Any CPU.ActiveCfg = Release|Any CPU
		{29200F31-0E55-4CE1-85AE-86A80D4F6DB4}.Release|Any CPU.Build.0 = Release|Any CPU
	EndGlobalSection
	GlobalSection(SolutionProperties) = preSolution
		HideSolutionNode = FALSE
	EndGlobalSection
	GlobalSection(ExtensibilityGlobals) = postSolution
		SolutionGuid = {4370457D-7B17-4590-AE64-F008ADDFF089}
	EndGlobalSection
EndGlobal
